
Microsoft Visual Studio Solution File, Format Version 12.00
# Visual Studio Version 16
VisualStudioVersion = 16.0.30320.27
MinimumVisualStudioVersion = 10.0.40219.1
Project("{9A19103F-16F7-4668-BE54-9A1E7A4F7556}") = "Kiosk web", "Kiosk web\Kiosk web.csproj", "{C977AE29-5E92-4DC8-8256-F818051B6830}"
EndProject
Project("{9A19103F-16F7-4668-BE54-9A1E7A4F7556}") = "kisok api", "kisok api\kisok api.csproj", "{7A6E1C55-9CCA-49D5-9997-96B468681C30}"
EndProject
Project("{9A19103F-16F7-4668-BE54-9A1E7A4F7556}") = "nafservice", "nafservice\nafservice.csproj", "{3093E34D-EF55-4C0A-8066-E44DE4EEBCCE}"
EndProject
Project("{9A19103F-16F7-4668-BE54-9A1E7A4F7556}") = "nafdatamodel", "nafdatamodel\nafdatamodel.csproj", "{8B748F94-12A2-4B99-A925-D6FF5FBF78AB}"
EndProject
Project("{9A19103F-16F7-4668-BE54-9A1E7A4F7556}") = "nafmodel", "nafmodel\nafmodel.csproj", "{2ED4E6EC-CD15-49EB-8B8D-2069D9278E3F}"
EndProject
Global
	GlobalSection(SolutionConfigurationPlatforms) = preSolution
		Debug|Any CPU = Debug|Any CPU
		Release|Any CPU = Release|Any CPU
	EndGlobalSection
	GlobalSection(ProjectConfigurationPlatforms) = postSolution
		{C977AE29-5E92-4DC8-8256-F818051B6830}.Debug|Any CPU.ActiveCfg = Debug|Any CPU
		{C977AE29-5E92-4DC8-8256-F818051B6830}.Debug|Any CPU.Build.0 = Debug|Any CPU
		{C977AE29-5E92-4DC8-8256-F818051B6830}.Release|Any CPU.ActiveCfg = Release|Any CPU
		{C977AE29-5E92-4DC8-8256-F818051B6830}.Release|Any CPU.Build.0 = Release|Any CPU
		{7A6E1C55-9CCA-49D5-9997-96B468681C30}.Debug|Any CPU.ActiveCfg = Debug|Any CPU
		{7A6E1C55-9CCA-49D5-9997-96B468681C30}.Debug|Any CPU.Build.0 = Debug|Any CPU
		{7A6E1C55-9CCA-49D5-9997-96B468681C30}.Release|Any CPU.ActiveCfg = Release|Any CPU
		{7A6E1C55-9CCA-49D5-9997-96B468681C30}.Release|Any CPU.Build.0 = Release|Any CPU
		{3093E34D-EF55-4C0A-8066-E44DE4EEBCCE}.Debug|Any CPU.ActiveCfg = Debug|Any CPU
		{3093E34D-EF55-4C0A-8066-E44DE4EEBCCE}.Debug|Any CPU.Build.0 = Debug|Any CPU
		{3093E34D-EF55-4C0A-8066-E44DE4EEBCCE}.Release|Any CPU.ActiveCfg = Release|Any CPU
		{3093E34D-EF55-4C0A-8066-E44DE4EEBCCE}.Release|Any CPU.Build.0 = Release|Any CPU
		{8B748F94-12A2-4B99-A925-D6FF5FBF78AB}.Debug|Any CPU.ActiveCfg = Debug|Any CPU
		{8B748F94-12A2-4B99-A925-D6FF5FBF78AB}.Debug|Any CPU.Build.0 = Debug|Any CPU
		{8B748F94-12A2-4B99-A925-D6FF5FBF78AB}.Release|Any CPU.ActiveCfg = Release|Any CPU
		{8B748F94-12A2-4B99-A925-D6FF5FBF78AB}.Release|Any CPU.Build.0 = Release|Any CPU
		{2ED4E6EC-CD15-49EB-8B8D-2069D9278E3F}.Debug|Any CPU.ActiveCfg = Debug|Any CPU
		{2ED4E6EC-CD15-49EB-8B8D-2069D9278E3F}.Debug|Any CPU.Build.0 = Debug|Any CPU
		{2ED4E6EC-CD15-49EB-8B8D-2069D9278E3F}.Release|Any CPU.ActiveCfg = Release|Any CPU
		{2ED4E6EC-CD15-49EB-8B8D-2069D9278E3F}.Release|Any CPU.Build.0 = Release|Any CPU
	EndGlobalSection
	GlobalSection(SolutionProperties) = preSolution
		HideSolutionNode = FALSE
	EndGlobalSection
	GlobalSection(ExtensibilityGlobals) = postSolution
		SolutionGuid = {317D734E-384A-4329-8584-6B865728314E}
	EndGlobalSection
EndGlobal
